
Microsoft Visual Studio Solution File, Format Version 12.00
# Visual Studio Version 17
VisualStudioVersion = 17.0.31903.59
MinimumVisualStudioVersion = 10.0.40219.1
Project("{2150E333-8FDC-42A3-9474-1A3956D46DE8}") = "src", "src", "{827E0CD3-B72D-47B6-A68D-7590B98EB39B}"
EndProject
Project("{FAE04EC0-301F-11D3-BF4B-00C04F79EFBC}") = "Domain", "src\Domain\Domain.csproj", "{B1E3495C-813A-444F-879D-994627687547}"
EndProject
Project("{FAE04EC0-301F-11D3-BF4B-00C04F79EFBC}") = "Application", "src\Application\Application.csproj", "{C9A0A4B5-B9DA-4590-B7E2-724DD49148F0}"
EndProject
Project("{FAE04EC0-301F-11D3-BF4B-00C04F79EFBC}") = "Infrastructure", "src\Infrastructure\Infrastructure.csproj", "{E967EE72-BDCE-456F-8803-D41A9B014FEB}"
EndProject
Project("{FAE04EC0-301F-11D3-BF4B-00C04F79EFBC}") = "WebApi", "src\WebApi\WebApi.csproj", "{592AE835-3B49-49C6-B32C-B4913470AFE2}"
EndProject
Project("{2150E333-8FDC-42A3-9474-1A3956D46DE8}") = "tests", "tests", "{0AB3BF05-4346-4AA6-1389-037BE0695223}"
EndProject
Project("{FAE04EC0-301F-11D3-BF4B-00C04F79EFBC}") = "UnitTests", "tests\UnitTests\UnitTests.csproj", "{5291D42D-7CD1-408D-A764-8608F86F8E83}"
EndProject
Global
	GlobalSection(SolutionConfigurationPlatforms) = preSolution
		Debug|Any CPU = Debug|Any CPU
		Debug|x64 = Debug|x64
		Debug|x86 = Debug|x86
		Release|Any CPU = Release|Any CPU
		Release|x64 = Release|x64
		Release|x86 = Release|x86
	EndGlobalSection
	GlobalSection(ProjectConfigurationPlatforms) = postSolution
		{B1E3495C-813A-444F-879D-994627687547}.Debug|Any CPU.ActiveCfg = Debug|Any CPU
		{B1E3495C-813A-444F-879D-994627687547}.Debug|Any CPU.Build.0 = Debug|Any CPU
		{B1E3495C-813A-444F-879D-994627687547}.Debug|x64.ActiveCfg = Debug|Any CPU
		{B1E3495C-813A-444F-879D-994627687547}.Debug|x64.Build.0 = Debug|Any CPU
		{B1E3495C-813A-444F-879D-994627687547}.Debug|x86.ActiveCfg = Debug|Any CPU
		{B1E3495C-813A-444F-879D-994627687547}.Debug|x86.Build.0 = Debug|Any CPU
		{B1E3495C-813A-444F-879D-994627687547}.Release|Any CPU.ActiveCfg = Release|Any CPU
		{B1E3495C-813A-444F-879D-994627687547}.Release|Any CPU.Build.0 = Release|Any CPU
		{B1E3495C-813A-444F-879D-994627687547}.Release|x64.ActiveCfg = Release|Any CPU
		{B1E3495C-813A-444F-879D-994627687547}.Release|x64.Build.0 = Release|Any CPU
		{B1E3495C-813A-444F-879D-994627687547}.Release|x86.ActiveCfg = Release|Any CPU
		{B1E3495C-813A-444F-879D-994627687547}.Release|x86.Build.0 = Release|Any CPU
		{C9A0A4B5-B9DA-4590-B7E2-724DD49148F0}.Debug|Any CPU.ActiveCfg = Debug|Any CPU
		{C9A0A4B5-B9DA-4590-B7E2-724DD49148F0}.Debug|Any CPU.Build.0 = Debug|Any CPU
		{C9A0A4B5-B9DA-4590-B7E2-724DD49148F0}.Debug|x64.ActiveCfg = Debug|Any CPU
		{C9A0A4B5-B9DA-4590-B7E2-724DD49148F0}.Debug|x64.Build.0 = Debug|Any CPU
		{C9A0A4B5-B9DA-4590-B7E2-724DD49148F0}.Debug|x86.ActiveCfg = Debug|Any CPU
		{C9A0A4B5-B9DA-4590-B7E2-724DD49148F0}.Debug|x86.Build.0 = Debug|Any CPU
		{C9A0A4B5-B9DA-4590-B7E2-724DD49148F0}.Release|Any CPU.ActiveCfg = Release|Any CPU
		{C9A0A4B5-B9DA-4590-B7E2-724DD49148F0}.Release|Any CPU.Build.0 = Release|Any CPU
		{C9A0A4B5-B9DA-4590-B7E2-724DD49148F0}.Release|x64.ActiveCfg = Release|Any CPU
		{C9A0A4B5-B9DA-4590-B7E2-724DD49148F0}.Release|x64.Build.0 = Release|Any CPU
		{C9A0A4B5-B9DA-4590-B7E2-724DD49148F0}.Release|x86.ActiveCfg = Release|Any CPU
		{C9A0A4B5-B9DA-4590-B7E2-724DD49148F0}.Release|x86.Build.0 = Release|Any CPU
		{E967EE72-BDCE-456F-8803-D41A9B014FEB}.Debug|Any CPU.ActiveCfg = Debug|Any CPU
		{E967EE72-BDCE-456F-8803-D41A9B014FEB}.Debug|Any CPU.Build.0 = Debug|Any CPU
		{E967EE72-BDCE-456F-8803-D41A9B014FEB}.Debug|x64.ActiveCfg = Debug|Any CPU
		{E967EE72-BDCE-456F-8803-D41A9B014FEB}.Debug|x64.Build.0 = Debug|Any CPU
		{E967EE72-BDCE-456F-8803-D41A9B014FEB}.Debug|x86.ActiveCfg = Debug|Any CPU
		{E967EE72-BDCE-456F-8803-D41A9B014FEB}.Debug|x86.Build.0 = Debug|Any CPU
		{E967EE72-BDCE-456F-8803-D41A9B014FEB}.Release|Any CPU.ActiveCfg = Release|Any CPU
		{E967EE72-BDCE-456F-8803-D41A9B014FEB}.Release|Any CPU.Build.0 = Release|Any CPU
		{E967EE72-BDCE-456F-8803-D41A9B014FEB}.Release|x64.ActiveCfg = Release|Any CPU
		{E967EE72-BDCE-456F-8803-D41A9B014FEB}.Release|x64.Build.0 = Release|Any CPU
		{E967EE72-BDCE-456F-8803-D41A9B014FEB}.Release|x86.ActiveCfg = Release|Any CPU
		{E967EE72-BDCE-456F-8803-D41A9B014FEB}.Release|x86.Build.0 = Release|Any CPU
		{592AE835-3B49-49C6-B32C-B4913470AFE2}.Debug|Any CPU.ActiveCfg = Debug|Any CPU
		{592AE835-3B49-49C6-B32C-B4913470AFE2}.Debug|Any CPU.Build.0 = Debug|Any CPU
		{592AE835-3B49-49C6-B32C-B4913470AFE2}.Debug|x64.ActiveCfg = Debug|Any CPU
		{592AE835-3B49-49C6-B32C-B4913470AFE2}.Debug|x64.Build.0 = Debug|Any CPU
		{592AE835-3B49-49C6-B32C-B4913470AFE2}.Debug|x86.ActiveCfg = Debug|Any CPU
		{592AE835-3B49-49C6-B32C-B4913470AFE2}.Debug|x86.Build.0 = Debug|Any CPU
		{592AE835-3B49-49C6-B32C-B4913470AFE2}.Release|Any CPU.ActiveCfg = Release|Any CPU
		{592AE835-3B49-49C6-B32C-B4913470AFE2}.Release|Any CPU.Build.0 = Release|Any CPU
		{592AE835-3B49-49C6-B32C-B4913470AFE2}.Release|x64.ActiveCfg = Release|Any CPU
		{592AE835-3B49-49C6-B32C-B4913470AFE2}.Release|x64.Build.0 = Release|Any CPU
		{592AE835-3B49-49C6-B32C-B4913470AFE2}.Release|x86.ActiveCfg = Release|Any CPU
		{592AE835-3B49-49C6-B32C-B4913470AFE2}.Release|x86.Build.0 = Release|Any CPU
		{5291D42D-7CD1-408D-A764-8608F86F8E83}.Debug|Any CPU.ActiveCfg = Debug|Any CPU
		{5291D42D-7CD1-408D-A764-8608F86F8E83}.Debug|Any CPU.Build.0 = Debug|Any CPU
		{5291D42D-7CD1-408D-A764-8608F86F8E83}.Debug|x64.ActiveCfg = Debug|Any CPU
		{5291D42D-7CD1-408D-A764-8608F86F8E83}.Debug|x64.Build.0 = Debug|Any CPU
		{5291D42D-7CD1-408D-A764-8608F86F8E83}.Debug|x86.ActiveCfg = Debug|Any CPU
		{5291D42D-7CD1-408D-A764-8608F86F8E83}.Debug|x86.Build.0 = Debug|Any CPU
		{5291D42D-7CD1-408D-A764-8608F86F8E83}.Release|Any CPU.ActiveCfg = Release|Any CPU
		{5291D42D-7CD1-408D-A764-8608F86F8E83}.Release|Any CPU.Build.0 = Release|Any CPU
		{5291D42D-7CD1-408D-A764-8608F86F8E83}.Release|x64.ActiveCfg = Release|Any CPU
		{5291D42D-7CD1-408D-A764-8608F86F8E83}.Release|x64.Build.0 = Release|Any CPU
		{5291D42D-7CD1-408D-A764-8608F86F8E83}.Release|x86.ActiveCfg = Release|Any CPU
		{5291D42D-7CD1-408D-A764-8608F86F8E83}.Release|x86.Build.0 = Release|Any CPU
	EndGlobalSection
	GlobalSection(SolutionProperties) = preSolution
		HideSolutionNode = FALSE
	EndGlobalSection
	GlobalSection(NestedProjects) = preSolution
		{B1E3495C-813A-444F-879D-994627687547} = {827E0CD3-B72D-47B6-A68D-7590B98EB39B}
		{C9A0A4B5-B9DA-4590-B7E2-724DD49148F0} = {827E0CD3-B72D-47B6-A68D-7590B98EB39B}
		{E967EE72-BDCE-456F-8803-D41A9B014FEB} = {827E0CD3-B72D-47B6-A68D-7590B98EB39B}
		{592AE835-3B49-49C6-B32C-B4913470AFE2} = {827E0CD3-B72D-47B6-A68D-7590B98EB39B}
		{5291D42D-7CD1-408D-A764-8608F86F8E83} = {0AB3BF05-4346-4AA6-1389-037BE0695223}
	EndGlobalSection
EndGlobal
